// !$*UTF8*$!
{
	archiveVersion = 1;
	classes = {
	};
	objectVersion = 50;
	objects = {

/* Begin PBXBuildFile section */
		A57E68EA265454D800DD11A4 /* AppDelegate.swift in Sources */ = {isa = PBXBuildFile; fileRef = A57E68E9265454D800DD11A4 /* AppDelegate.swift */; };
		A57E68EC265454D800DD11A4 /* SceneDelegate.swift in Sources */ = {isa = PBXBuildFile; fileRef = A57E68EB265454D800DD11A4 /* SceneDelegate.swift */; };
		A57E68F1265454D800DD11A4 /* Main.storyboard in Resources */ = {isa = PBXBuildFile; fileRef = A57E68EF265454D800DD11A4 /* Main.storyboard */; };
		A57E68F3265454DC00DD11A4 /* Assets.xcassets in Resources */ = {isa = PBXBuildFile; fileRef = A57E68F2265454DC00DD11A4 /* Assets.xcassets */; };
		A57E68F6265454DC00DD11A4 /* LaunchScreen.storyboard in Resources */ = {isa = PBXBuildFile; fileRef = A57E68F4265454DC00DD11A4 /* LaunchScreen.storyboard */; };
		A57E690B265462E200DD11A4 /* EventTVCell.swift in Sources */ = {isa = PBXBuildFile; fileRef = A57E6909265462E200DD11A4 /* EventTVCell.swift */; };
		A57E690C265462E200DD11A4 /* EventTVCell.xib in Resources */ = {isa = PBXBuildFile; fileRef = A57E690A265462E200DD11A4 /* EventTVCell.xib */; };
		A57E690F2654699400DD11A4 /* ApiManager.swift in Sources */ = {isa = PBXBuildFile; fileRef = A57E690E2654699400DD11A4 /* ApiManager.swift */; };
		A57E6912265471C300DD11A4 /* Event.swift in Sources */ = {isa = PBXBuildFile; fileRef = A57E6911265471C300DD11A4 /* Event.swift */; };
		A57E69162654796200DD11A4 /* SearchVC.swift in Sources */ = {isa = PBXBuildFile; fileRef = A57E69152654796200DD11A4 /* SearchVC.swift */; };
		A57E691C2654A8E200DD11A4 /* ShowEventVC.swift in Sources */ = {isa = PBXBuildFile; fileRef = A57E691B2654A8E100DD11A4 /* ShowEventVC.swift */; };
		A57E6920265549DA00DD11A4 /* UserDefaultsManager.swift in Sources */ = {isa = PBXBuildFile; fileRef = A57E691F265549DA00DD11A4 /* UserDefaultsManager.swift */; };
		A57E69232655629F00DD11A4 /* K.swift in Sources */ = {isa = PBXBuildFile; fileRef = A57E69222655629F00DD11A4 /* K.swift */; };
		A57E692926556F4300DD11A4 /* MapVC.swift in Sources */ = {isa = PBXBuildFile; fileRef = A57E692826556F4300DD11A4 /* MapVC.swift */; };
		A57E692D2659BA1A00DD11A4 /* Formatting.swift in Sources */ = {isa = PBXBuildFile; fileRef = A57E692C2659BA1A00DD11A4 /* Formatting.swift */; };
		A57E69372659BC9A00DD11A4 /* FetchRewardsTests.swift in Sources */ = {isa = PBXBuildFile; fileRef = A57E69362659BC9A00DD11A4 /* FetchRewardsTests.swift */; };
		A57E69412659BCF500DD11A4 /* FormattingTests.swift in Sources */ = {isa = PBXBuildFile; fileRef = A57E69402659BCF500DD11A4 /* FormattingTests.swift */; };
		A57E69462659D42C00DD11A4 /* EventVM.swift in Sources */ = {isa = PBXBuildFile; fileRef = A57E69452659D42C00DD11A4 /* EventVM.swift */; };
		A57E694D2659E35600DD11A4 /* SearchExtensions.swift in Sources */ = {isa = PBXBuildFile; fileRef = A57E694C2659E35600DD11A4 /* SearchExtensions.swift */; };
/* End PBXBuildFile section */

/* Begin PBXContainerItemProxy section */
		A57E69392659BC9A00DD11A4 /* PBXContainerItemProxy */ = {
			isa = PBXContainerItemProxy;
			containerPortal = A57E68DE265454D800DD11A4 /* Project object */;
			proxyType = 1;
			remoteGlobalIDString = A57E68E5265454D800DD11A4;
			remoteInfo = FetchRewards;
		};
/* End PBXContainerItemProxy section */

/* Begin PBXFileReference section */
		A57E68E6265454D800DD11A4 /* FetchRewards.app */ = {isa = PBXFileReference; explicitFileType = wrapper.application; includeInIndex = 0; path = FetchRewards.app; sourceTree = BUILT_PRODUCTS_DIR; };
		A57E68E9265454D800DD11A4 /* AppDelegate.swift */ = {isa = PBXFileReference; lastKnownFileType = sourcecode.swift; path = AppDelegate.swift; sourceTree = "<group>"; };
		A57E68EB265454D800DD11A4 /* SceneDelegate.swift */ = {isa = PBXFileReference; lastKnownFileType = sourcecode.swift; path = SceneDelegate.swift; sourceTree = "<group>"; };
		A57E68F0265454D800DD11A4 /* Base */ = {isa = PBXFileReference; lastKnownFileType = file.storyboard; name = Base; path = Base.lproj/Main.storyboard; sourceTree = "<group>"; };
		A57E68F2265454DC00DD11A4 /* Assets.xcassets */ = {isa = PBXFileReference; lastKnownFileType = folder.assetcatalog; path = Assets.xcassets; sourceTree = "<group>"; };
		A57E68F5265454DC00DD11A4 /* Base */ = {isa = PBXFileReference; lastKnownFileType = file.storyboard; name = Base; path = Base.lproj/LaunchScreen.storyboard; sourceTree = "<group>"; };
		A57E68F7265454DC00DD11A4 /* Info.plist */ = {isa = PBXFileReference; lastKnownFileType = text.plist.xml; path = Info.plist; sourceTree = "<group>"; };
		A57E6909265462E200DD11A4 /* EventTVCell.swift */ = {isa = PBXFileReference; lastKnownFileType = sourcecode.swift; path = EventTVCell.swift; sourceTree = "<group>"; };
		A57E690A265462E200DD11A4 /* EventTVCell.xib */ = {isa = PBXFileReference; lastKnownFileType = file.xib; path = EventTVCell.xib; sourceTree = "<group>"; };
		A57E690E2654699400DD11A4 /* ApiManager.swift */ = {isa = PBXFileReference; lastKnownFileType = sourcecode.swift; path = ApiManager.swift; sourceTree = "<group>"; };
		A57E6911265471C300DD11A4 /* Event.swift */ = {isa = PBXFileReference; lastKnownFileType = sourcecode.swift; path = Event.swift; sourceTree = "<group>"; };
		A57E69152654796200DD11A4 /* SearchVC.swift */ = {isa = PBXFileReference; lastKnownFileType = sourcecode.swift; path = SearchVC.swift; sourceTree = "<group>"; };
		A57E691B2654A8E100DD11A4 /* ShowEventVC.swift */ = {isa = PBXFileReference; lastKnownFileType = sourcecode.swift; path = ShowEventVC.swift; sourceTree = "<group>"; };
		A57E691F265549DA00DD11A4 /* UserDefaultsManager.swift */ = {isa = PBXFileReference; lastKnownFileType = sourcecode.swift; path = UserDefaultsManager.swift; sourceTree = "<group>"; };
		A57E69222655629F00DD11A4 /* K.swift */ = {isa = PBXFileReference; lastKnownFileType = sourcecode.swift; path = K.swift; sourceTree = "<group>"; };
		A57E692826556F4300DD11A4 /* MapVC.swift */ = {isa = PBXFileReference; lastKnownFileType = sourcecode.swift; path = MapVC.swift; sourceTree = "<group>"; };
		A57E692C2659BA1A00DD11A4 /* Formatting.swift */ = {isa = PBXFileReference; lastKnownFileType = sourcecode.swift; path = Formatting.swift; sourceTree = "<group>"; };
		A57E69342659BC9A00DD11A4 /* FetchRewardsTests.xctest */ = {isa = PBXFileReference; explicitFileType = wrapper.cfbundle; includeInIndex = 0; path = FetchRewardsTests.xctest; sourceTree = BUILT_PRODUCTS_DIR; };
		A57E69362659BC9A00DD11A4 /* FetchRewardsTests.swift */ = {isa = PBXFileReference; lastKnownFileType = sourcecode.swift; path = FetchRewardsTests.swift; sourceTree = "<group>"; };
		A57E69382659BC9A00DD11A4 /* Info.plist */ = {isa = PBXFileReference; lastKnownFileType = text.plist.xml; path = Info.plist; sourceTree = "<group>"; };
		A57E69402659BCF500DD11A4 /* FormattingTests.swift */ = {isa = PBXFileReference; lastKnownFileType = sourcecode.swift; path = FormattingTests.swift; sourceTree = "<group>"; };
		A57E69452659D42C00DD11A4 /* EventVM.swift */ = {isa = PBXFileReference; lastKnownFileType = sourcecode.swift; path = EventVM.swift; sourceTree = "<group>"; };
		A57E694C2659E35600DD11A4 /* SearchExtensions.swift */ = {isa = PBXFileReference; lastKnownFileType = sourcecode.swift; path = SearchExtensions.swift; sourceTree = "<group>"; };
/* End PBXFileReference section */

/* Begin PBXFrameworksBuildPhase section */
		A57E68E3265454D800DD11A4 /* Frameworks */ = {
			isa = PBXFrameworksBuildPhase;
			buildActionMask = 2147483647;
			files = (
			);
			runOnlyForDeploymentPostprocessing = 0;
		};
		A57E69312659BC9A00DD11A4 /* Frameworks */ = {
			isa = PBXFrameworksBuildPhase;
			buildActionMask = 2147483647;
			files = (
			);
			runOnlyForDeploymentPostprocessing = 0;
		};
/* End PBXFrameworksBuildPhase section */

/* Begin PBXGroup section */
		A57E68DD265454D800DD11A4 = {
			isa = PBXGroup;
			children = (
				A57E68E8265454D800DD11A4 /* FetchRewards */,
				A57E69352659BC9A00DD11A4 /* FetchRewardsTests */,
				A57E68E7265454D800DD11A4 /* Products */,
			);
			sourceTree = "<group>";
		};
		A57E68E7265454D800DD11A4 /* Products */ = {
			isa = PBXGroup;
			children = (
				A57E68E6265454D800DD11A4 /* FetchRewards.app */,
				A57E69342659BC9A00DD11A4 /* FetchRewardsTests.xctest */,
			);
			name = Products;
			sourceTree = "<group>";
		};
		A57E68E8265454D800DD11A4 /* FetchRewards */ = {
			isa = PBXGroup;
			children = (
				A57E692B2659BA0000DD11A4 /* Helpers */,
				A57E68F7265454DC00DD11A4 /* Info.plist */,
				A57E6902265459D500DD11A4 /* SupportingFiles */,
				A57E69012654594300DD11A4 /* Managers */,
				A57E69442659D3F500DD11A4 /* ViewModel */,
				A57E69002654593C00DD11A4 /* Controller */,
				A57E68FF2654593600DD11A4 /* View */,
				A57E68FE2654592700DD11A4 /* Model */,
			);
			path = FetchRewards;
			sourceTree = "<group>";
		};
		A57E68FE2654592700DD11A4 /* Model */ = {
			isa = PBXGroup;
			children = (
				A57E6911265471C300DD11A4 /* Event.swift */,
			);
			path = Model;
			sourceTree = "<group>";
		};
		A57E68FF2654593600DD11A4 /* View */ = {
			isa = PBXGroup;
			children = (
				A57E68EF265454D800DD11A4 /* Main.storyboard */,
				A57E68F4265454DC00DD11A4 /* LaunchScreen.storyboard */,
				A57E6909265462E200DD11A4 /* EventTVCell.swift */,
				A57E690A265462E200DD11A4 /* EventTVCell.xib */,
			);
			path = View;
			sourceTree = "<group>";
		};
		A57E69002654593C00DD11A4 /* Controller */ = {
			isa = PBXGroup;
			children = (
				A57E694B2659E33300DD11A4 /* Search */,
				A57E691B2654A8E100DD11A4 /* ShowEventVC.swift */,
				A57E692826556F4300DD11A4 /* MapVC.swift */,
			);
			path = Controller;
			sourceTree = "<group>";
		};
		A57E69012654594300DD11A4 /* Managers */ = {
			isa = PBXGroup;
			children = (
				A57E690E2654699400DD11A4 /* ApiManager.swift */,
				A57E691F265549DA00DD11A4 /* UserDefaultsManager.swift */,
			);
			path = Managers;
			sourceTree = "<group>";
		};
		A57E6902265459D500DD11A4 /* SupportingFiles */ = {
			isa = PBXGroup;
			children = (
				A57E68E9265454D800DD11A4 /* AppDelegate.swift */,
				A57E68EB265454D800DD11A4 /* SceneDelegate.swift */,
				A57E68F2265454DC00DD11A4 /* Assets.xcassets */,
				A57E69222655629F00DD11A4 /* K.swift */,
			);
			path = SupportingFiles;
			sourceTree = "<group>";
		};
		A57E692B2659BA0000DD11A4 /* Helpers */ = {
			isa = PBXGroup;
			children = (
				A57E692C2659BA1A00DD11A4 /* Formatting.swift */,
			);
			path = Helpers;
			sourceTree = "<group>";
		};
		A57E69352659BC9A00DD11A4 /* FetchRewardsTests */ = {
			isa = PBXGroup;
			children = (
				A57E69362659BC9A00DD11A4 /* FetchRewardsTests.swift */,
				A57E69382659BC9A00DD11A4 /* Info.plist */,
				A57E69402659BCF500DD11A4 /* FormattingTests.swift */,
			);
			path = FetchRewardsTests;
			sourceTree = "<group>";
		};
		A57E69442659D3F500DD11A4 /* ViewModel */ = {
			isa = PBXGroup;
			children = (
				A57E69452659D42C00DD11A4 /* EventVM.swift */,
			);
			path = ViewModel;
			sourceTree = "<group>";
		};
		A57E694B2659E33300DD11A4 /* Search */ = {
			isa = PBXGroup;
			children = (
				A57E69152654796200DD11A4 /* SearchVC.swift */,
				A57E694C2659E35600DD11A4 /* SearchExtensions.swift */,
			);
			path = Search;
			sourceTree = "<group>";
		};
/* End PBXGroup section */

/* Begin PBXNativeTarget section */
		A57E68E5265454D800DD11A4 /* FetchRewards */ = {
			isa = PBXNativeTarget;
			buildConfigurationList = A57E68FA265454DC00DD11A4 /* Build configuration list for PBXNativeTarget "FetchRewards" */;
			buildPhases = (
				A57E68E2265454D800DD11A4 /* Sources */,
				A57E68E3265454D800DD11A4 /* Frameworks */,
				A57E68E4265454D800DD11A4 /* Resources */,
			);
			buildRules = (
			);
			dependencies = (
			);
			name = FetchRewards;
			productName = FetchRewards;
			productReference = A57E68E6265454D800DD11A4 /* FetchRewards.app */;
			productType = "com.apple.product-type.application";
		};
		A57E69332659BC9A00DD11A4 /* FetchRewardsTests */ = {
			isa = PBXNativeTarget;
			buildConfigurationList = A57E693B2659BC9A00DD11A4 /* Build configuration list for PBXNativeTarget "FetchRewardsTests" */;
			buildPhases = (
				A57E69302659BC9A00DD11A4 /* Sources */,
				A57E69312659BC9A00DD11A4 /* Frameworks */,
				A57E69322659BC9A00DD11A4 /* Resources */,
			);
			buildRules = (
			);
			dependencies = (
				A57E693A2659BC9A00DD11A4 /* PBXTargetDependency */,
			);
			name = FetchRewardsTests;
			productName = FetchRewardsTests;
			productReference = A57E69342659BC9A00DD11A4 /* FetchRewardsTests.xctest */;
			productType = "com.apple.product-type.bundle.unit-test";
		};
/* End PBXNativeTarget section */

/* Begin PBXProject section */
		A57E68DE265454D800DD11A4 /* Project object */ = {
			isa = PBXProject;
			attributes = {
				LastSwiftUpdateCheck = 1240;
				LastUpgradeCheck = 1240;
				TargetAttributes = {
					A57E68E5265454D800DD11A4 = {
						CreatedOnToolsVersion = 12.4;
					};
					A57E69332659BC9A00DD11A4 = {
						CreatedOnToolsVersion = 12.4;
						TestTargetID = A57E68E5265454D800DD11A4;
					};
				};
			};
			buildConfigurationList = A57E68E1265454D800DD11A4 /* Build configuration list for PBXProject "FetchRewards" */;
			compatibilityVersion = "Xcode 9.3";
			developmentRegion = en;
			hasScannedForEncodings = 0;
			knownRegions = (
				en,
				Base,
			);
			mainGroup = A57E68DD265454D800DD11A4;
			productRefGroup = A57E68E7265454D800DD11A4 /* Products */;
			projectDirPath = "";
			projectRoot = "";
			targets = (
				A57E68E5265454D800DD11A4 /* FetchRewards */,
				A57E69332659BC9A00DD11A4 /* FetchRewardsTests */,
			);
		};
/* End PBXProject section */

/* Begin PBXResourcesBuildPhase section */
		A57E68E4265454D800DD11A4 /* Resources */ = {
			isa = PBXResourcesBuildPhase;
			buildActionMask = 2147483647;
			files = (
				A57E690C265462E200DD11A4 /* EventTVCell.xib in Resources */,
				A57E68F6265454DC00DD11A4 /* LaunchScreen.storyboard in Resources */,
				A57E68F3265454DC00DD11A4 /* Assets.xcassets in Resources */,
				A57E68F1265454D800DD11A4 /* Main.storyboard in Resources */,
			);
			runOnlyForDeploymentPostprocessing = 0;
		};
		A57E69322659BC9A00DD11A4 /* Resources */ = {
			isa = PBXResourcesBuildPhase;
			buildActionMask = 2147483647;
			files = (
			);
			runOnlyForDeploymentPostprocessing = 0;
		};
/* End PBXResourcesBuildPhase section */

/* Begin PBXSourcesBuildPhase section */
		A57E68E2265454D800DD11A4 /* Sources */ = {
			isa = PBXSourcesBuildPhase;
			buildActionMask = 2147483647;
			files = (
				A57E69232655629F00DD11A4 /* K.swift in Sources */,
				A57E691C2654A8E200DD11A4 /* ShowEventVC.swift in Sources */,
				A57E690B265462E200DD11A4 /* EventTVCell.swift in Sources */,
				A57E692D2659BA1A00DD11A4 /* Formatting.swift in Sources */,
				A57E690F2654699400DD11A4 /* ApiManager.swift in Sources */,
				A57E68EA265454D800DD11A4 /* AppDelegate.swift in Sources */,
				A57E692926556F4300DD11A4 /* MapVC.swift in Sources */,
				A57E6912265471C300DD11A4 /* Event.swift in Sources */,
				A57E68EC265454D800DD11A4 /* SceneDelegate.swift in Sources */,
				A57E69462659D42C00DD11A4 /* EventVM.swift in Sources */,
				A57E6920265549DA00DD11A4 /* UserDefaultsManager.swift in Sources */,
				A57E69162654796200DD11A4 /* SearchVC.swift in Sources */,
				A57E694D2659E35600DD11A4 /* SearchExtensions.swift in Sources */,
			);
			runOnlyForDeploymentPostprocessing = 0;
		};
		A57E69302659BC9A00DD11A4 /* Sources */ = {
			isa = PBXSourcesBuildPhase;
			buildActionMask = 2147483647;
			files = (
				A57E69412659BCF500DD11A4 /* FormattingTests.swift in Sources */,
				A57E69372659BC9A00DD11A4 /* FetchRewardsTests.swift in Sources */,
			);
			runOnlyForDeploymentPostprocessing = 0;
		};
/* End PBXSourcesBuildPhase section */

/* Begin PBXTargetDependency section */
		A57E693A2659BC9A00DD11A4 /* PBXTargetDependency */ = {
			isa = PBXTargetDependency;
			target = A57E68E5265454D800DD11A4 /* FetchRewards */;
			targetProxy = A57E69392659BC9A00DD11A4 /* PBXContainerItemProxy */;
		};
/* End PBXTargetDependency section */

/* Begin PBXVariantGroup section */
		A57E68EF265454D800DD11A4 /* Main.storyboard */ = {
			isa = PBXVariantGroup;
			children = (
				A57E68F0265454D800DD11A4 /* Base */,
			);
			name = Main.storyboard;
			sourceTree = "<group>";
		};
		A57E68F4265454DC00DD11A4 /* LaunchScreen.storyboard */ = {
			isa = PBXVariantGroup;
			children = (
				A57E68F5265454DC00DD11A4 /* Base */,
			);
			name = LaunchScreen.storyboard;
			sourceTree = "<group>";
		};
/* End PBXVariantGroup section */

/* Begin XCBuildConfiguration section */
		A57E68F8265454DC00DD11A4 /* Debug */ = {
			isa = XCBuildConfiguration;
			buildSettings = {
				ALWAYS_SEARCH_USER_PATHS = NO;
				CLANG_ANALYZER_NONNULL = YES;
				CLANG_ANALYZER_NUMBER_OBJECT_CONVERSION = YES_AGGRESSIVE;
				CLANG_CXX_LANGUAGE_STANDARD = "gnu++14";
				CLANG_CXX_LIBRARY = "libc++";
				CLANG_ENABLE_MODULES = YES;
				CLANG_ENABLE_OBJC_ARC = YES;
				CLANG_ENABLE_OBJC_WEAK = YES;
				CLANG_WARN_BLOCK_CAPTURE_AUTORELEASING = YES;
				CLANG_WARN_BOOL_CONVERSION = YES;
				CLANG_WARN_COMMA = YES;
				CLANG_WARN_CONSTANT_CONVERSION = YES;
				CLANG_WARN_DEPRECATED_OBJC_IMPLEMENTATIONS = YES;
				CLANG_WARN_DIRECT_OBJC_ISA_USAGE = YES_ERROR;
				CLANG_WARN_DOCUMENTATION_COMMENTS = YES;
				CLANG_WARN_EMPTY_BODY = YES;
				CLANG_WARN_ENUM_CONVERSION = YES;
				CLANG_WARN_INFINITE_RECURSION = YES;
				CLANG_WARN_INT_CONVERSION = YES;
				CLANG_WARN_NON_LITERAL_NULL_CONVERSION = YES;
				CLANG_WARN_OBJC_IMPLICIT_RETAIN_SELF = YES;
				CLANG_WARN_OBJC_LITERAL_CONVERSION = YES;
				CLANG_WARN_OBJC_ROOT_CLASS = YES_ERROR;
				CLANG_WARN_QUOTED_INCLUDE_IN_FRAMEWORK_HEADER = YES;
				CLANG_WARN_RANGE_LOOP_ANALYSIS = YES;
				CLANG_WARN_STRICT_PROTOTYPES = YES;
				CLANG_WARN_SUSPICIOUS_MOVE = YES;
				CLANG_WARN_UNGUARDED_AVAILABILITY = YES_AGGRESSIVE;
				CLANG_WARN_UNREACHABLE_CODE = YES;
				CLANG_WARN__DUPLICATE_METHOD_MATCH = YES;
				COPY_PHASE_STRIP = NO;
				DEBUG_INFORMATION_FORMAT = dwarf;
				ENABLE_STRICT_OBJC_MSGSEND = YES;
				ENABLE_TESTABILITY = YES;
				GCC_C_LANGUAGE_STANDARD = gnu11;
				GCC_DYNAMIC_NO_PIC = NO;
				GCC_NO_COMMON_BLOCKS = YES;
				GCC_OPTIMIZATION_LEVEL = 0;
				GCC_PREPROCESSOR_DEFINITIONS = (
					"DEBUG=1",
					"$(inherited)",
				);
				GCC_WARN_64_TO_32_BIT_CONVERSION = YES;
				GCC_WARN_ABOUT_RETURN_TYPE = YES_ERROR;
				GCC_WARN_UNDECLARED_SELECTOR = YES;
				GCC_WARN_UNINITIALIZED_AUTOS = YES_AGGRESSIVE;
				GCC_WARN_UNUSED_FUNCTION = YES;
				GCC_WARN_UNUSED_VARIABLE = YES;
				IPHONEOS_DEPLOYMENT_TARGET = 14.4;
				MTL_ENABLE_DEBUG_INFO = INCLUDE_SOURCE;
				MTL_FAST_MATH = YES;
				ONLY_ACTIVE_ARCH = YES;
				SDKROOT = iphoneos;
				SWIFT_ACTIVE_COMPILATION_CONDITIONS = DEBUG;
				SWIFT_OPTIMIZATION_LEVEL = "-Onone";
			};
			name = Debug;
		};
		A57E68F9265454DC00DD11A4 /* Release */ = {
			isa = XCBuildConfiguration;
			buildSettings = {
				ALWAYS_SEARCH_USER_PATHS = NO;
				CLANG_ANALYZER_NONNULL = YES;
				CLANG_ANALYZER_NUMBER_OBJECT_CONVERSION = YES_AGGRESSIVE;
				CLANG_CXX_LANGUAGE_STANDARD = "gnu++14";
				CLANG_CXX_LIBRARY = "libc++";
				CLANG_ENABLE_MODULES = YES;
				CLANG_ENABLE_OBJC_ARC = YES;
				CLANG_ENABLE_OBJC_WEAK = YES;
				CLANG_WARN_BLOCK_CAPTURE_AUTORELEASING = YES;
				CLANG_WARN_BOOL_CONVERSION = YES;
				CLANG_WARN_COMMA = YES;
				CLANG_WARN_CONSTANT_CONVERSION = YES;
				CLANG_WARN_DEPRECATED_OBJC_IMPLEMENTATIONS = YES;
				CLANG_WARN_DIRECT_OBJC_ISA_USAGE = YES_ERROR;
				CLANG_WARN_DOCUMENTATION_COMMENTS = YES;
				CLANG_WARN_EMPTY_BODY = YES;
				CLANG_WARN_ENUM_CONVERSION = YES;
				CLANG_WARN_INFINITE_RECURSION = YES;
				CLANG_WARN_INT_CONVERSION = YES;
				CLANG_WARN_NON_LITERAL_NULL_CONVERSION = YES;
				CLANG_WARN_OBJC_IMPLICIT_RETAIN_SELF = YES;
				CLANG_WARN_OBJC_LITERAL_CONVERSION = YES;
				CLANG_WARN_OBJC_ROOT_CLASS = YES_ERROR;
				CLANG_WARN_QUOTED_INCLUDE_IN_FRAMEWORK_HEADER = YES;
				CLANG_WARN_RANGE_LOOP_ANALYSIS = YES;
				CLANG_WARN_STRICT_PROTOTYPES = YES;
				CLANG_WARN_SUSPICIOUS_MOVE = YES;
				CLANG_WARN_UNGUARDED_AVAILABILITY = YES_AGGRESSIVE;
				CLANG_WARN_UNREACHABLE_CODE = YES;
				CLANG_WARN__DUPLICATE_METHOD_MATCH = YES;
				COPY_PHASE_STRIP = NO;
				DEBUG_INFORMATION_FORMAT = "dwarf-with-dsym";
				ENABLE_NS_ASSERTIONS = NO;
				ENABLE_STRICT_OBJC_MSGSEND = YES;
				GCC_C_LANGUAGE_STANDARD = gnu11;
				GCC_NO_COMMON_BLOCKS = YES;
				GCC_WARN_64_TO_32_BIT_CONVERSION = YES;
				GCC_WARN_ABOUT_RETURN_TYPE = YES_ERROR;
				GCC_WARN_UNDECLARED_SELECTOR = YES;
				GCC_WARN_UNINITIALIZED_AUTOS = YES_AGGRESSIVE;
				GCC_WARN_UNUSED_FUNCTION = YES;
				GCC_WARN_UNUSED_VARIABLE = YES;
				IPHONEOS_DEPLOYMENT_TARGET = 14.4;
				MTL_ENABLE_DEBUG_INFO = NO;
				MTL_FAST_MATH = YES;
				SDKROOT = iphoneos;
				SWIFT_COMPILATION_MODE = wholemodule;
				SWIFT_OPTIMIZATION_LEVEL = "-O";
				VALIDATE_PRODUCT = YES;
			};
			name = Release;
		};
		A57E68FB265454DC00DD11A4 /* Debug */ = {
			isa = XCBuildConfiguration;
			buildSettings = {
				ASSETCATALOG_COMPILER_APPICON_NAME = AppIcon;
				ASSETCATALOG_COMPILER_GLOBAL_ACCENT_COLOR_NAME = AccentColor;
				CODE_SIGN_STYLE = Automatic;
				DEVELOPMENT_TEAM = TUYS5TF5HK;
				INFOPLIST_FILE = FetchRewards/Info.plist;
				LD_RUNPATH_SEARCH_PATHS = (
					"$(inherited)",
					"@executable_path/Frameworks",
				);
				PRODUCT_BUNDLE_IDENTIFIER = "James-Sedlacek.FetchRewards";
				PRODUCT_NAME = "$(TARGET_NAME)";
				SWIFT_VERSION = 5.0;
				TARGETED_DEVICE_FAMILY = 1;
			};
			name = Debug;
		};
		A57E68FC265454DC00DD11A4 /* Release */ = {
			isa = XCBuildConfiguration;
			buildSettings = {
				ASSETCATALOG_COMPILER_APPICON_NAME = AppIcon;
				ASSETCATALOG_COMPILER_GLOBAL_ACCENT_COLOR_NAME = AccentColor;
				CODE_SIGN_STYLE = Automatic;
				DEVELOPMENT_TEAM = TUYS5TF5HK;
				INFOPLIST_FILE = FetchRewards/Info.plist;
				LD_RUNPATH_SEARCH_PATHS = (
					"$(inherited)",
					"@executable_path/Frameworks",
				);
				PRODUCT_BUNDLE_IDENTIFIER = "James-Sedlacek.FetchRewards";
				PRODUCT_NAME = "$(TARGET_NAME)";
				SWIFT_VERSION = 5.0;
				TARGETED_DEVICE_FAMILY = 1;
			};
			name = Release;
		};
		A57E693C2659BC9A00DD11A4 /* Debug */ = {
			isa = XCBuildConfiguration;
			buildSettings = {
				BUNDLE_LOADER = "$(TEST_HOST)";
				CODE_SIGN_STYLE = Automatic;
				DEVELOPMENT_TEAM = TUYS5TF5HK;
				INFOPLIST_FILE = FetchRewardsTests/Info.plist;
				LD_RUNPATH_SEARCH_PATHS = (
					"$(inherited)",
					"@executable_path/Frameworks",
					"@loader_path/Frameworks",
				);
				PRODUCT_BUNDLE_IDENTIFIER = "James-Sedlacek.FetchRewardsTests";
				PRODUCT_NAME = "$(TARGET_NAME)";
				SWIFT_VERSION = 5.0;
				TARGETED_DEVICE_FAMILY = "1,2";
				TEST_HOST = "$(BUILT_PRODUCTS_DIR)/FetchRewards.app/FetchRewards";
			};
			name = Debug;
		};
		A57E693D2659BC9A00DD11A4 /* Release */ = {
			isa = XCBuildConfiguration;
			buildSettings = {
				BUNDLE_LOADER = "$(TEST_HOST)";
				CODE_SIGN_STYLE = Automatic;
				DEVELOPMENT_TEAM = TUYS5TF5HK;
				INFOPLIST_FILE = FetchRewardsTests/Info.plist;
				LD_RUNPATH_SEARCH_PATHS = (
					"$(inherited)",
					"@executable_path/Frameworks",
					"@loader_path/Frameworks",
				);
				PRODUCT_BUNDLE_IDENTIFIER = "James-Sedlacek.FetchRewardsTests";
				PRODUCT_NAME = "$(TARGET_NAME)";
				SWIFT_VERSION = 5.0;
				TARGETED_DEVICE_FAMILY = "1,2";
				TEST_HOST = "$(BUILT_PRODUCTS_DIR)/FetchRewards.app/FetchRewards";
			};
			name = Release;
		};
/* End XCBuildConfiguration section */

/* Begin XCConfigurationList section */
		A57E68E1265454D800DD11A4 /* Build configuration list for PBXProject "FetchRewards" */ = {
			isa = XCConfigurationList;
			buildConfigurations = (
				A57E68F8265454DC00DD11A4 /* Debug */,
				A57E68F9265454DC00DD11A4 /* Release */,
			);
			defaultConfigurationIsVisible = 0;
			defaultConfigurationName = Release;
		};
		A57E68FA265454DC00DD11A4 /* Build configuration list for PBXNativeTarget "FetchRewards" */ = {
			isa = XCConfigurationList;
			buildConfigurations = (
				A57E68FB265454DC00DD11A4 /* Debug */,
				A57E68FC265454DC00DD11A4 /* Release */,
			);
			defaultConfigurationIsVisible = 0;
			defaultConfigurationName = Release;
		};
		A57E693B2659BC9A00DD11A4 /* Build configuration list for PBXNativeTarget "FetchRewardsTests" */ = {
			isa = XCConfigurationList;
			buildConfigurations = (
				A57E693C2659BC9A00DD11A4 /* Debug */,
				A57E693D2659BC9A00DD11A4 /* Release */,
			);
			defaultConfigurationIsVisible = 0;
			defaultConfigurationName = Release;
		};
/* End XCConfigurationList section */
	};
	rootObject = A57E68DE265454D800DD11A4 /* Project object */;
}
